
Microsoft Visual Studio Solution File, Format Version 12.00
# Visual Studio Version 16
VisualStudioVersion = 16.0.31624.102
MinimumVisualStudioVersion = 10.0.40219.1
Project("{FAE04EC0-301F-11D3-BF4B-00C04F79EFBC}") = "TaskManager", "TaskManager\TaskManager.csproj", "{78CD4B9A-EDCD-49EE-B7C1-2D5E2BF1BAAA}"
EndProject
Global
	GlobalSection(SolutionConfigurationPlatforms) = preSolution
		Debug|Any CPU = Debug|Any CPU
		Release|Any CPU = Release|Any CPU
	EndGlobalSection
	GlobalSection(ProjectConfigurationPlatforms) = postSolution
		{78CD4B9A-EDCD-49EE-B7C1-2D5E2BF1BAAA}.Debug|Any CPU.ActiveCfg = Debug|Any CPU
		{78CD4B9A-EDCD-49EE-B7C1-2D5E2BF1BAAA}.Debug|Any CPU.Build.0 = Debug|Any CPU
		{78CD4B9A-EDCD-49EE-B7C1-2D5E2BF1BAAA}.Release|Any CPU.ActiveCfg = Release|Any CPU
		{78CD4B9A-EDCD-49EE-B7C1-2D5E2BF1BAAA}.Release|Any CPU.Build.0 = Release|Any CPU
	EndGlobalSection
	GlobalSection(SolutionProperties) = preSolution
		HideSolutionNode = FALSE
	EndGlobalSection
	GlobalSection(ExtensibilityGlobals) = postSolution
		SolutionGuid = {5A512F55-F949-4E51-A82F-7027D4F0809B}
	EndGlobalSection
EndGlobal
